
Microsoft Visual Studio Solution File, Format Version 12.00
# Visual Studio Version 17
VisualStudioVersion = 17.1.32319.34
MinimumVisualStudioVersion = 10.0.40219.1
Project("{FAE04EC0-301F-11D3-BF4B-00C04F79EFBC}") = "Бой с боссом", "Бой с боссом\Бой с боссом.csproj", "{DB24E2C5-824A-46DC-8731-4C253511A0D6}"
EndProject
Global
	GlobalSection(SolutionConfigurationPlatforms) = preSolution
		Debug|Any CPU = Debug|Any CPU
		Release|Any CPU = Release|Any CPU
	EndGlobalSection
	GlobalSection(ProjectConfigurationPlatforms) = postSolution
		{DB24E2C5-824A-46DC-8731-4C253511A0D6}.Debug|Any CPU.ActiveCfg = Debug|Any CPU
		{DB24E2C5-824A-46DC-8731-4C253511A0D6}.Debug|Any CPU.Build.0 = Debug|Any CPU
		{DB24E2C5-824A-46DC-8731-4C253511A0D6}.Release|Any CPU.ActiveCfg = Release|Any CPU
		{DB24E2C5-824A-46DC-8731-4C253511A0D6}.Release|Any CPU.Build.0 = Release|Any CPU
	EndGlobalSection
	GlobalSection(SolutionProperties) = preSolution
		HideSolutionNode = FALSE
	EndGlobalSection
	GlobalSection(ExtensibilityGlobals) = postSolution
		SolutionGuid = {6CE4EDEB-19E6-49B1-BE48-C5312AE3D080}
	EndGlobalSection
EndGlobal
